# THIS IS AN AUTOGENERATED FILE. DO NOT EDIT THIS FILE DIRECTLY.
# yarn lockfile v1


vuetify@^2.3.10:
  version "2.3.10"
  resolved "https://registry.yarnpkg.com/vuetify/-/vuetify-2.3.10.tgz#c8cbc77ee1224b5a132f501a3762dee6d8c95a06"
  integrity sha512-KzL/MhZ7ajubm9kwbdCoA/cRV50RX+a5Hcqiwt7Am1Fni2crDtl2no05UNwKroTfscrYYf07gq3WIFSurPsnCA==
